
Microsoft Visual Studio Solution File, Format Version 12.00
# Visual Studio 2013
VisualStudioVersion = 12.0.21005.1
MinimumVisualStudioVersion = 10.0.40219.1
Project("{8BC9CEB8-8B4A-11D0-8D11-00A0C91BC942}") = "multilib", "multilib.vcxproj", "{678C7F60-627A-49A2-AAC5-596E5182D549}"
EndProject
Project("{8BC9CEB8-8B4A-11D0-8D11-00A0C91BC942}") = "tester", "..\tester\tester.vcxproj", "{693F8345-2456-42E0-A51C-F8E47AFD8B91}"
EndProject
Global
	GlobalSection(SolutionConfigurationPlatforms) = preSolution
		Debug|Win32 = Debug|Win32
		Release|Win32 = Release|Win32
	EndGlobalSection
	GlobalSection(ProjectConfigurationPlatforms) = postSolution
		{678C7F60-627A-49A2-AAC5-596E5182D549}.Debug|Win32.ActiveCfg = Debug|Win32
		{678C7F60-627A-49A2-AAC5-596E5182D549}.Debug|Win32.Build.0 = Debug|Win32
		{678C7F60-627A-49A2-AAC5-596E5182D549}.Release|Win32.ActiveCfg = Release|Win32
		{678C7F60-627A-49A2-AAC5-596E5182D549}.Release|Win32.Build.0 = Release|Win32
		{693F8345-2456-42E0-A51C-F8E47AFD8B91}.Debug|Win32.ActiveCfg = Debug|Win32
		{693F8345-2456-42E0-A51C-F8E47AFD8B91}.Debug|Win32.Build.0 = Debug|Win32
		{693F8345-2456-42E0-A51C-F8E47AFD8B91}.Release|Win32.ActiveCfg = Release|Win32
		{693F8345-2456-42E0-A51C-F8E47AFD8B91}.Release|Win32.Build.0 = Release|Win32
	EndGlobalSection
	GlobalSection(SolutionProperties) = preSolution
		HideSolutionNode = FALSE
	EndGlobalSection
EndGlobal
