<?xml version="1.0" encoding="utf-8"?>
<Project ToolsVersion="4.0" xmlns="http://schemas.microsoft.com/developer/msbuild/2003">
  <ItemGroup>
    <Filter Include="Source Files">
      <UniqueIdentifier>{4FC737F1-C7A5-4376-A066-2A32D752A2FF}</UniqueIdentifier>
      <Extensions>cpp;c;cc;cxx;def;odl;idl;hpj;bat;asm;asmx</Extensions>
    </Filter>
    <Filter Include="Header Files">
      <UniqueIdentifier>{93995380-89BD-4b04-88EB-625FBE52EBFB}</UniqueIdentifier>
      <Extensions>h;hh;hpp;hxx;hm;inl;inc;xsd</Extensions>
    </Filter>
    <Filter Include="Resource Files">
      <UniqueIdentifier>{67DA6AB6-F800-4c08-8B7A-83BB121AAD01}</UniqueIdentifier>
      <Extensions>rc;ico;cur;bmp;dlg;rc2;rct;bin;rgs;gif;jpg;jpeg;jpe;resx;tiff;tif;png;wav;mfcribbon-ms</Extensions>
    </Filter>
  </ItemGroup>
  <ItemGroup>
    <ClInclude Include="include\multilib.h">
      <Filter>Header Files</Filter>
    </ClInclude>
    <ClInclude Include="include\stdafx.h">
      <Filter>Header Files</Filter>
    </ClInclude>
    <ClInclude Include="include\targetver.h">
      <Filter>Header Files</Filter>
    </ClInclude>
    <ClInclude Include="lib\include\aes.h">
      <Filter>Header Files</Filter>
    </ClInclude>
    <ClInclude Include="lib\include\ccm.h">
      <Filter>Header Files</Filter>
    </ClInclude>
    <ClInclude Include="lib\include\cryptlib.h">
      <Filter>Header Files</Filter>
    </ClInclude>
    <ClInclude Include="lib\include\filters.h">
      <Filter>Header Files</Filter>
    </ClInclude>
    <ClInclude Include="lib\include\hex.h">
      <Filter>Header Files</Filter>
    </ClInclude>
    <ClInclude Include="lib\include\osrng.h">
      <Filter>Header Files</Filter>
    </ClInclude>
    <ClInclude Include="lib\include\3way.h">
      <Filter>Header Files</Filter>
    </ClInclude>
    <ClInclude Include="lib\include\adler32.h">
      <Filter>Header Files</Filter>
    </ClInclude>
    <ClInclude Include="lib\include\algebra.h">
      <Filter>Header Files</Filter>
    </ClInclude>
    <ClInclude Include="lib\include\algparam.h">
      <Filter>Header Files</Filter>
    </ClInclude>
    <ClInclude Include="lib\include\arc4.h">
      <Filter>Header Files</Filter>
    </ClInclude>
    <ClInclude Include="lib\include\argnames.h">
      <Filter>Header Files</Filter>
    </ClInclude>
    <ClInclude Include="lib\include\asn.h">
      <Filter>Header Files</Filter>
    </ClInclude>
    <ClInclude Include="lib\include\authenc.h">
      <Filter>Header Files</Filter>
    </ClInclude>
    <ClInclude Include="lib\include\base32.h">
      <Filter>Header Files</Filter>
    </ClInclude>
    <ClInclude Include="lib\include\base64.h">
      <Filter>Header Files</Filter>
    </ClInclude>
    <ClInclude Include="lib\include\basecode.h">
      <Filter>Header Files</Filter>
    </ClInclude>
    <ClInclude Include="lib\include\bench.h">
      <Filter>Header Files</Filter>
    </ClInclude>
    <ClInclude Include="lib\include\blowfish.h">
      <Filter>Header Files</Filter>
    </ClInclude>
    <ClInclude Include="lib\include\blumshub.h">
      <Filter>Header Files</Filter>
    </ClInclude>
    <ClInclude Include="lib\include\camellia.h">
      <Filter>Header Files</Filter>
    </ClInclude>
    <ClInclude Include="lib\include\cast.h">
      <Filter>Header Files</Filter>
    </ClInclude>
    <ClInclude Include="lib\include\cbcmac.h">
      <Filter>Header Files</Filter>
    </ClInclude>
    <ClInclude Include="lib\include\channels.h">
      <Filter>Header Files</Filter>
    </ClInclude>
    <ClInclude Include="lib\include\cmac.h">
      <Filter>Header Files</Filter>
    </ClInclude>
    <ClInclude Include="lib\include\config.h">
      <Filter>Header Files</Filter>
    </ClInclude>
    <ClInclude Include="lib\include\cpu.h">
      <Filter>Header Files</Filter>
    </ClInclude>
    <ClInclude Include="lib\include\crc.h">
      <Filter>Header Files</Filter>
    </ClInclude>
    <ClInclude Include="lib\include\default.h">
      <Filter>Header Files</Filter>
    </ClInclude>
    <ClInclude Include="lib\include\des.h">
      <Filter>Header Files</Filter>
    </ClInclude>
    <ClInclude Include="lib\include\dh.h">
      <Filter>Header Files</Filter>
    </ClInclude>
    <ClInclude Include="lib\include\dh2.h">
      <Filter>Header Files</Filter>
    </ClInclude>
    <ClInclude Include="lib\include\dll.h">
      <Filter>Header Files</Filter>
    </ClInclude>
    <ClInclude Include="lib\include\dmac.h">
      <Filter>Header Files</Filter>
    </ClInclude>
    <ClInclude Include="lib\include\dsa.h">
      <Filter>Header Files</Filter>
    </ClInclude>
    <ClInclude Include="lib\include\eax.h">
      <Filter>Header Files</Filter>
    </ClInclude>
    <ClInclude Include="lib\include\ec2n.h">
      <Filter>Header Files</Filter>
    </ClInclude>
    <ClInclude Include="lib\include\eccrypto.h">
      <Filter>Header Files</Filter>
    </ClInclude>
    <ClInclude Include="lib\include\ecp.h">
      <Filter>Header Files</Filter>
    </ClInclude>
    <ClInclude Include="lib\include\elgamal.h">
      <Filter>Header Files</Filter>
    </ClInclude>
    <ClInclude Include="lib\include\emsa2.h">
      <Filter>Header Files</Filter>
    </ClInclude>
    <ClInclude Include="lib\include\eprecomp.h">
      <Filter>Header Files</Filter>
    </ClInclude>
    <ClInclude Include="lib\include\esign.h">
      <Filter>Header Files</Filter>
    </ClInclude>
    <ClInclude Include="lib\include\factory.h">
      <Filter>Header Files</Filter>
    </ClInclude>
    <ClInclude Include="lib\include\files.h">
      <Filter>Header Files</Filter>
    </ClInclude>
    <ClInclude Include="lib\include\fips140.h">
      <Filter>Header Files</Filter>
    </ClInclude>
    <ClInclude Include="lib\include\fltrimpl.h">
      <Filter>Header Files</Filter>
    </ClInclude>
    <ClInclude Include="lib\include\gcm.h">
      <Filter>Header Files</Filter>
    </ClInclude>
    <ClInclude Include="lib\include\gf2_32.h">
      <Filter>Header Files</Filter>
    </ClInclude>
    <ClInclude Include="lib\include\gf2n.h">
      <Filter>Header Files</Filter>
    </ClInclude>
    <ClInclude Include="lib\include\gf256.h">
      <Filter>Header Files</Filter>
    </ClInclude>
    <ClInclude Include="lib\include\gfpcrypt.h">
      <Filter>Header Files</Filter>
    </ClInclude>
    <ClInclude Include="lib\include\gost.h">
      <Filter>Header Files</Filter>
    </ClInclude>
    <ClInclude Include="lib\include\gzip.h">
      <Filter>Header Files</Filter>
    </ClInclude>
    <ClInclude Include="lib\include\hmac.h">
      <Filter>Header Files</Filter>
    </ClInclude>
    <ClInclude Include="lib\include\hrtimer.h">
      <Filter>Header Files</Filter>
    </ClInclude>
    <ClInclude Include="lib\include\ida.h">
      <Filter>Header Files</Filter>
    </ClInclude>
    <ClInclude Include="lib\include\idea.h">
      <Filter>Header Files</Filter>
    </ClInclude>
    <ClInclude Include="lib\include\integer.h">
      <Filter>Header Files</Filter>
    </ClInclude>
    <ClInclude Include="lib\include\iterhash.h">
      <Filter>Header Files</Filter>
    </ClInclude>
    <ClInclude Include="lib\include\lubyrack.h">
      <Filter>Header Files</Filter>
    </ClInclude>
    <ClInclude Include="lib\include\luc.h">
      <Filter>Header Files</Filter>
    </ClInclude>
    <ClInclude Include="lib\include\mars.h">
      <Filter>Header Files</Filter>
    </ClInclude>
    <ClInclude Include="lib\include\md2.h">
      <Filter>Header Files</Filter>
    </ClInclude>
    <ClInclude Include="lib\include\md4.h">
      <Filter>Header Files</Filter>
    </ClInclude>
    <ClInclude Include="lib\include\md5.h">
      <Filter>Header Files</Filter>
    </ClInclude>
    <ClInclude Include="lib\include\mdc.h">
      <Filter>Header Files</Filter>
    </ClInclude>
    <ClInclude Include="lib\include\misc.h">
      <Filter>Header Files</Filter>
    </ClInclude>
    <ClInclude Include="lib\include\modarith.h">
      <Filter>Header Files</Filter>
    </ClInclude>
    <ClInclude Include="lib\include\modes.h">
      <Filter>Header Files</Filter>
    </ClInclude>
    <ClInclude Include="lib\include\modexppc.h">
      <Filter>Header Files</Filter>
    </ClInclude>
    <ClInclude Include="lib\include\mqueue.h">
      <Filter>Header Files</Filter>
    </ClInclude>
    <ClInclude Include="lib\include\mqv.h">
      <Filter>Header Files</Filter>
    </ClInclude>
    <ClInclude Include="lib\include\nbtheory.h">
      <Filter>Header Files</Filter>
    </ClInclude>
    <ClInclude Include="lib\include\network.h">
      <Filter>Header Files</Filter>
    </ClInclude>
    <ClInclude Include="lib\include\nr.h">
      <Filter>Header Files</Filter>
    </ClInclude>
    <ClInclude Include="lib\include\oaep.h">
      <Filter>Header Files</Filter>
    </ClInclude>
    <ClInclude Include="lib\include\oids.h">
      <Filter>Header Files</Filter>
    </ClInclude>
    <ClInclude Include="lib\include\panama.h">
      <Filter>Header Files</Filter>
    </ClInclude>
    <ClInclude Include="lib\include\pch.h">
      <Filter>Header Files</Filter>
    </ClInclude>
    <ClInclude Include="lib\include\pkcspad.h">
      <Filter>Header Files</Filter>
    </ClInclude>
    <ClInclude Include="lib\include\polynomi.h">
      <Filter>Header Files</Filter>
    </ClInclude>
    <ClInclude Include="lib\include\pssr.h">
      <Filter>Header Files</Filter>
    </ClInclude>
    <ClInclude Include="lib\include\pubkey.h">
      <Filter>Header Files</Filter>
    </ClInclude>
    <ClInclude Include="lib\include\pwdbased.h">
      <Filter>Header Files</Filter>
    </ClInclude>
    <ClInclude Include="lib\include\queue.h">
      <Filter>Header Files</Filter>
    </ClInclude>
    <ClInclude Include="lib\include\rabin.h">
      <Filter>Header Files</Filter>
    </ClInclude>
    <ClInclude Include="lib\include\randpool.h">
      <Filter>Header Files</Filter>
    </ClInclude>
    <ClInclude Include="lib\include\rc2.h">
      <Filter>Header Files</Filter>
    </ClInclude>
    <ClInclude Include="lib\include\rc5.h">
      <Filter>Header Files</Filter>
    </ClInclude>
    <ClInclude Include="lib\include\rc6.h">
      <Filter>Header Files</Filter>
    </ClInclude>
    <ClInclude Include="lib\include\resource.h">
      <Filter>Header Files</Filter>
    </ClInclude>
    <ClInclude Include="lib\include\rijndael.h">
      <Filter>Header Files</Filter>
    </ClInclude>
    <ClInclude Include="lib\include\ripemd.h">
      <Filter>Header Files</Filter>
    </ClInclude>
    <ClInclude Include="lib\include\rng.h">
      <Filter>Header Files</Filter>
    </ClInclude>
    <ClInclude Include="lib\include\rsa.h">
      <Filter>Header Files</Filter>
    </ClInclude>
    <ClInclude Include="lib\include\rw.h">
      <Filter>Header Files</Filter>
    </ClInclude>
    <ClInclude Include="lib\include\safer.h">
      <Filter>Header Files</Filter>
    </ClInclude>
    <ClInclude Include="lib\include\salsa.h">
      <Filter>Header Files</Filter>
    </ClInclude>
    <ClInclude Include="lib\include\seal.h">
      <Filter>Header Files</Filter>
    </ClInclude>
    <ClInclude Include="lib\include\secblock.h">
      <Filter>Header Files</Filter>
    </ClInclude>
    <ClInclude Include="lib\include\seckey.h">
      <Filter>Header Files</Filter>
    </ClInclude>
    <ClInclude Include="lib\include\seed.h">
      <Filter>Header Files</Filter>
    </ClInclude>
    <ClInclude Include="lib\include\serpent.h">
      <Filter>Header Files</Filter>
    </ClInclude>
    <ClInclude Include="lib\include\serpentp.h">
      <Filter>Header Files</Filter>
    </ClInclude>
    <ClInclude Include="lib\include\sha.h">
      <Filter>Header Files</Filter>
    </ClInclude>
    <ClInclude Include="lib\include\sha3.h">
      <Filter>Header Files</Filter>
    </ClInclude>
    <ClInclude Include="lib\include\shacal2.h">
      <Filter>Header Files</Filter>
    </ClInclude>
    <ClInclude Include="lib\include\shark.h">
      <Filter>Header Files</Filter>
    </ClInclude>
    <ClInclude Include="lib\include\simple.h">
      <Filter>Header Files</Filter>
    </ClInclude>
    <ClInclude Include="lib\include\skipjack.h">
      <Filter>Header Files</Filter>
    </ClInclude>
    <ClInclude Include="lib\include\smartptr.h">
      <Filter>Header Files</Filter>
    </ClInclude>
    <ClInclude Include="lib\include\socketft.h">
      <Filter>Header Files</Filter>
    </ClInclude>
    <ClInclude Include="lib\include\sosemanuk.h">
      <Filter>Header Files</Filter>
    </ClInclude>
    <ClInclude Include="lib\include\square.h">
      <Filter>Header Files</Filter>
    </ClInclude>
    <ClInclude Include="lib\include\stdcpp.h">
      <Filter>Header Files</Filter>
    </ClInclude>
    <ClInclude Include="lib\include\strciphr.h">
      <Filter>Header Files</Filter>
    </ClInclude>
    <ClInclude Include="lib\include\tea.h">
      <Filter>Header Files</Filter>
    </ClInclude>
    <ClInclude Include="lib\include\tiger.h">
      <Filter>Header Files</Filter>
    </ClInclude>
    <ClInclude Include="lib\include\trdlocal.h">
      <Filter>Header Files</Filter>
    </ClInclude>
    <ClInclude Include="lib\include\trunhash.h">
      <Filter>Header Files</Filter>
    </ClInclude>
    <ClInclude Include="lib\include\ttmac.h">
      <Filter>Header Files</Filter>
    </ClInclude>
    <ClInclude Include="lib\include\twofish.h">
      <Filter>Header Files</Filter>
    </ClInclude>
    <ClInclude Include="lib\include\validate.h">
      <Filter>Header Files</Filter>
    </ClInclude>
    <ClInclude Include="lib\include\vmac.h">
      <Filter>Header Files</Filter>
    </ClInclude>
    <ClInclude Include="lib\include\wait.h">
      <Filter>Header Files</Filter>
    </ClInclude>
    <ClInclude Include="lib\include\wake.h">
      <Filter>Header Files</Filter>
    </ClInclude>
    <ClInclude Include="lib\include\whrlpool.h">
      <Filter>Header Files</Filter>
    </ClInclude>
    <ClInclude Include="lib\include\winpipes.h">
      <Filter>Header Files</Filter>
    </ClInclude>
    <ClInclude Include="lib\include\words.h">
      <Filter>Header Files</Filter>
    </ClInclude>
    <ClInclude Include="lib\include\xtr.h">
      <Filter>Header Files</Filter>
    </ClInclude>
    <ClInclude Include="lib\include\xtrcrypt.h">
      <Filter>Header Files</Filter>
    </ClInclude>
    <ClInclude Include="lib\include\zdeflate.h">
      <Filter>Header Files</Filter>
    </ClInclude>
    <ClInclude Include="lib\include\zinflate.h">
      <Filter>Header Files</Filter>
    </ClInclude>
    <ClInclude Include="lib\include\zlib.h">
      <Filter>Header Files</Filter>
    </ClInclude>
  </ItemGroup>
  <ItemGroup>
    <ClCompile Include="src\multilib.cpp">
      <Filter>Source Files</Filter>
    </ClCompile>
    <ClCompile Include="src\stdafx.cpp">
      <Filter>Source Files</Filter>
    </ClCompile>
  </ItemGroup>
  <ItemGroup>
    <Library Include="lib\cryptopp.lib" />
  </ItemGroup>
</Project>